
Microsoft Visual Studio Solution File, Format Version 12.00
# Visual Studio 15
VisualStudioVersion = 15.0.26403.0
MinimumVisualStudioVersion = 10.0.40219.1
Project("{FAE04EC0-301F-11D3-BF4B-00C04F79EFBC}") = "2008125000-CON", "2008125000-CON\2008125000-CON.csproj", "{AF56FA2F-E77F-4DCE-884F-E76CA87DFC4D}"
EndProject
Project("{FAE04EC0-301F-11D3-BF4B-00C04F79EFBC}") = "2008125000-ENT", "2008125000-ENT\2008125000-ENT.csproj", "{8CD16B51-6618-4EC4-8007-817D4CB1C8FA}"
EndProject
Project("{FAE04EC0-301F-11D3-BF4B-00C04F79EFBC}") = "2008125000-PER", "2008125000-PER\2008125000-PER.csproj", "{AAE622C6-67CC-4451-91E6-E2CDA984F99B}"
EndProject
Global
	GlobalSection(SolutionConfigurationPlatforms) = preSolution
		Debug|Any CPU = Debug|Any CPU
		Release|Any CPU = Release|Any CPU
	EndGlobalSection
	GlobalSection(ProjectConfigurationPlatforms) = postSolution
		{AF56FA2F-E77F-4DCE-884F-E76CA87DFC4D}.Debug|Any CPU.ActiveCfg = Debug|Any CPU
		{AF56FA2F-E77F-4DCE-884F-E76CA87DFC4D}.Debug|Any CPU.Build.0 = Debug|Any CPU
		{AF56FA2F-E77F-4DCE-884F-E76CA87DFC4D}.Release|Any CPU.ActiveCfg = Release|Any CPU
		{AF56FA2F-E77F-4DCE-884F-E76CA87DFC4D}.Release|Any CPU.Build.0 = Release|Any CPU
		{8CD16B51-6618-4EC4-8007-817D4CB1C8FA}.Debug|Any CPU.ActiveCfg = Debug|Any CPU
		{8CD16B51-6618-4EC4-8007-817D4CB1C8FA}.Debug|Any CPU.Build.0 = Debug|Any CPU
		{8CD16B51-6618-4EC4-8007-817D4CB1C8FA}.Release|Any CPU.ActiveCfg = Release|Any CPU
		{8CD16B51-6618-4EC4-8007-817D4CB1C8FA}.Release|Any CPU.Build.0 = Release|Any CPU
		{AAE622C6-67CC-4451-91E6-E2CDA984F99B}.Debug|Any CPU.ActiveCfg = Debug|Any CPU
		{AAE622C6-67CC-4451-91E6-E2CDA984F99B}.Debug|Any CPU.Build.0 = Debug|Any CPU
		{AAE622C6-67CC-4451-91E6-E2CDA984F99B}.Release|Any CPU.ActiveCfg = Release|Any CPU
		{AAE622C6-67CC-4451-91E6-E2CDA984F99B}.Release|Any CPU.Build.0 = Release|Any CPU
	EndGlobalSection
	GlobalSection(SolutionProperties) = preSolution
		HideSolutionNode = FALSE
	EndGlobalSection
EndGlobal
